
Microsoft Visual Studio Solution File, Format Version 12.00
# Visual Studio 15
VisualStudioVersion = 15.0.28307.271
MinimumVisualStudioVersion = 10.0.40219.1
Project("{FAE04EC0-301F-11D3-BF4B-00C04F79EFBC}") = "DriveMap", "DriveMap.csproj", "{7BED5068-4532-46E2-92CA-116CC8E01EF5}"
EndProject
Global
	GlobalSection(SolutionConfigurationPlatforms) = preSolution
		Debug|Any CPU = Debug|Any CPU
		Release|Any CPU = Release|Any CPU
	EndGlobalSection
	GlobalSection(ProjectConfigurationPlatforms) = postSolution
		{7BED5068-4532-46E2-92CA-116CC8E01EF5}.Debug|Any CPU.ActiveCfg = Debug|Any CPU
		{7BED5068-4532-46E2-92CA-116CC8E01EF5}.Debug|Any CPU.Build.0 = Debug|Any CPU
		{7BED5068-4532-46E2-92CA-116CC8E01EF5}.Release|Any CPU.ActiveCfg = Release|Any CPU
		{7BED5068-4532-46E2-92CA-116CC8E01EF5}.Release|Any CPU.Build.0 = Release|Any CPU
	EndGlobalSection
	GlobalSection(SolutionProperties) = preSolution
		HideSolutionNode = FALSE
	EndGlobalSection
	GlobalSection(ExtensibilityGlobals) = postSolution
		SolutionGuid = {27027909-0395-48EA-96D5-24529033D079}
	EndGlobalSection
EndGlobal
